{
  "name": "log1",
  "requires": true,
  "lockfileVersion": 1,
  "dependencies": {
    "@uppy/companion-client": {
      "version": "0.27.2",
      "resolved": "https://registry.npmjs.org/@uppy/companion-client/-/companion-client-0.27.2.tgz",
      "integrity": "sha512-AJ/9meDnu67cExtmb/73DuhOzNcK8S/AkKhwyC1ffvc4IZYPoMCllcydXFdVWbKR76V8Jc4XnVPiprWIqrPEPQ==",
      "requires": {
        "namespace-emitter": "2.0.1"
      }
    },
    "@uppy/google-drive": {
      "version": "0.27.5",
      "resolved": "https://registry.npmjs.org/@uppy/google-drive/-/google-drive-0.27.5.tgz",
      "integrity": "sha512-X644U+/1Tnb2CGI1gLD+kLjGik0XW+TsOhqURPX8FleSanS/HUE/EpP1eJRM+I63L/1jQ8ZULBcO/PFoD8HUbw==",
      "requires": {
        "@uppy/companion-client": "0.27.2",
        "@uppy/provider-views": "0.27.4",
        "@uppy/utils": "0.27.1",
        "preact": "8.3.1"
      }
    },
    "@uppy/provider-views": {
      "version": "0.27.4",
      "resolved": "https://registry.npmjs.org/@uppy/provider-views/-/provider-views-0.27.4.tgz",
      "integrity": "sha512-gaSMSHzmOC05bnmOoNWBgcRQXi8OAo1JqRlr5Xs93hUAvquoDcxn5knTXf1pWfIPB2f3VjvARvktSNvEBuOKww==",
      "requires": {
        "@uppy/utils": "0.27.1",
        "classnames": "2.2.6",
        "preact": "8.3.1"
      }
    },
    "@uppy/utils": {
      "version": "0.27.1",
      "resolved": "https://registry.npmjs.org/@uppy/utils/-/utils-0.27.1.tgz",
      "integrity": "sha512-zex1ZavJWSjVhsm1zDlRThLkXBlWAav3rIuL4YDPl9jrWZt5pL7+pccEgwNtO7NmmcQyF7W7z3fKmDrJlvA8lA==",
      "requires": {
        "lodash.throttle": "4.1.1"
      }
    },
    "classnames": {
      "version": "2.2.6",
      "resolved": "https://registry.npmjs.org/classnames/-/classnames-2.2.6.tgz",
      "integrity": "sha512-JR/iSQOSt+LQIWwrwEzJ9uk0xfN3mTVYMwt1Ir5mUcSN6pU+V4zQFFaJsclJbPuAUQH+yfWef6tm7l1quW3C8Q=="
    },
    "lodash.throttle": {
      "version": "4.1.1",
      "resolved": "https://registry.npmjs.org/lodash.throttle/-/lodash.throttle-4.1.1.tgz",
      "integrity": "sha1-wj6RtxAkKscMN/HhzaknTMOb8vQ="
    },
    "namespace-emitter": {
      "version": "2.0.1",
      "resolved": "https://registry.npmjs.org/namespace-emitter/-/namespace-emitter-2.0.1.tgz",
      "integrity": "sha512-N/sMKHniSDJBjfrkbS/tpkPj4RAbvW3mr8UAzvlMHyun93XEm83IAvhWtJVHo+RHn/oO8Job5YN4b+wRjSVp5g=="
    },
    "preact": {
      "version": "8.3.1",
      "resolved": "https://registry.npmjs.org/preact/-/preact-8.3.1.tgz",
      "integrity": "sha512-s8H1Y8O9e+mOBo3UP1jvWqArPmjCba2lrrGLlq/0kN1XuIINUbYtf97iiXKxCuG3eYwmppPKnyW2DBrNj/TuTg=="
    }
  }
}
